{
  "name": "opencode",
  "lockfileVersion": 3,
  "requires": true,
  "packages": {
    "": {
      "dependencies": {
        "@opencode-ai/plugin": "^1.1.47"
      }
    },
    "node_modules/@opencode-ai/plugin": {
      "version": "1.1.47",
      "resolved": "https://registry.npmjs.org/@opencode-ai/plugin/-/plugin-1.1.47.tgz",
      "integrity": "sha512-gNMPz72altieDfLhUw3VAT1xbduKi3w3wZ57GLeS7qU9W474HdvdIiLBnt2Xq3U7Ko0/0tvK3nzCker6IIDqmQ==",
      "license": "MIT",
      "dependencies": {
        "@opencode-ai/sdk": "1.1.47",
        "zod": "4.1.8"
      }
    },
    "node_modules/@opencode-ai/sdk": {
      "version": "1.1.47",
      "resolved": "https://registry.npmjs.org/@opencode-ai/sdk/-/sdk-1.1.47.tgz",
      "integrity": "sha512-s3PBHwk1sP6Zt/lJxIWSBWZ1TnrI1nFxSP97LCODUytouAQgbygZ1oDH7O2sGMBEuGdA8B1nNSPla0aRSN3IpA==",
      "license": "MIT"
    },
    "node_modules/zod": {
      "version": "4.1.8",
      "license": "MIT",
      "funding": {
        "url": "https://github.com/sponsors/colinhacks"
      }
    }
  }
}
